
Microsoft Visual Studio Solution File, Format Version 12.00
# Visual Studio Version 16
VisualStudioVersion = 16.0.30717.126
MinimumVisualStudioVersion = 10.0.40219.1
Project("{FAE04EC0-301F-11D3-BF4B-00C04F79EFBC}") = "AspNetMvcTut", "AspNetMvcTut\AspNetMvcTut.csproj", "{F924C8B7-0FAC-494F-9429-B07077DF6138}"
EndProject
Global
	GlobalSection(SolutionConfigurationPlatforms) = preSolution
		Debug|Any CPU = Debug|Any CPU
		Release|Any CPU = Release|Any CPU
	EndGlobalSection
	GlobalSection(ProjectConfigurationPlatforms) = postSolution
		{F924C8B7-0FAC-494F-9429-B07077DF6138}.Debug|Any CPU.ActiveCfg = Debug|Any CPU
		{F924C8B7-0FAC-494F-9429-B07077DF6138}.Debug|Any CPU.Build.0 = Debug|Any CPU
		{F924C8B7-0FAC-494F-9429-B07077DF6138}.Release|Any CPU.ActiveCfg = Release|Any CPU
		{F924C8B7-0FAC-494F-9429-B07077DF6138}.Release|Any CPU.Build.0 = Release|Any CPU
	EndGlobalSection
	GlobalSection(SolutionProperties) = preSolution
		HideSolutionNode = FALSE
	EndGlobalSection
	GlobalSection(ExtensibilityGlobals) = postSolution
		SolutionGuid = {1E0C20FA-784C-4C64-AB42-DB140ABB9411}
	EndGlobalSection
EndGlobal
